// !$*UTF8*$!
{
	archiveVersion = 1;
	classes = {
	};
	objectVersion = 46;
	objects = {

/* Begin PBXBuildFile section */
		DE550FF21E7F3DCA00D8DC0B /* AddPostVC.swift in Sources */ = {isa = PBXBuildFile; fileRef = DE550FF11E7F3DCA00D8DC0B /* AddPostVC.swift */; };
		DE550FF51E7F48AD00D8DC0B /* DataService.swift in Sources */ = {isa = PBXBuildFile; fileRef = DE550FF41E7F48AD00D8DC0B /* DataService.swift */; };
		DE550FF81E8085D600D8DC0B /* DetailPostVC.swift in Sources */ = {isa = PBXBuildFile; fileRef = DE550FF71E8085D600D8DC0B /* DetailPostVC.swift */; };
		DE747AD91E7B233C0076F24A /* AppDelegate.swift in Sources */ = {isa = PBXBuildFile; fileRef = DE747AD81E7B233C0076F24A /* AppDelegate.swift */; };
		DE747ADB1E7B233C0076F24A /* ViewController.swift in Sources */ = {isa = PBXBuildFile; fileRef = DE747ADA1E7B233C0076F24A /* ViewController.swift */; };
		DE747ADE1E7B233C0076F24A /* Main.storyboard in Resources */ = {isa = PBXBuildFile; fileRef = DE747ADC1E7B233C0076F24A /* Main.storyboard */; };
		DE747AE01E7B233C0076F24A /* Assets.xcassets in Resources */ = {isa = PBXBuildFile; fileRef = DE747ADF1E7B233C0076F24A /* Assets.xcassets */; };
		DE747AE31E7B233C0076F24A /* LaunchScreen.storyboard in Resources */ = {isa = PBXBuildFile; fileRef = DE747AE11E7B233C0076F24A /* LaunchScreen.storyboard */; };
		DE747AEC1E7B23770076F24A /* Post.swift in Sources */ = {isa = PBXBuildFile; fileRef = DE747AEB1E7B23770076F24A /* Post.swift */; };
		DE747AEF1E7B29970076F24A /* PostCell.swift in Sources */ = {isa = PBXBuildFile; fileRef = DE747AEE1E7B29970076F24A /* PostCell.swift */; };
/* End PBXBuildFile section */

/* Begin PBXFileReference section */
		DE550FF11E7F3DCA00D8DC0B /* AddPostVC.swift */ = {isa = PBXFileReference; fileEncoding = 4; lastKnownFileType = sourcecode.swift; path = AddPostVC.swift; sourceTree = "<group>"; };
		DE550FF41E7F48AD00D8DC0B /* DataService.swift */ = {isa = PBXFileReference; fileEncoding = 4; lastKnownFileType = sourcecode.swift; path = DataService.swift; sourceTree = "<group>"; };
		DE550FF71E8085D600D8DC0B /* DetailPostVC.swift */ = {isa = PBXFileReference; fileEncoding = 4; lastKnownFileType = sourcecode.swift; path = DetailPostVC.swift; sourceTree = "<group>"; };
		DE747AD51E7B233C0076F24A /* MyHood.app */ = {isa = PBXFileReference; explicitFileType = wrapper.application; includeInIndex = 0; path = MyHood.app; sourceTree = BUILT_PRODUCTS_DIR; };
		DE747AD81E7B233C0076F24A /* AppDelegate.swift */ = {isa = PBXFileReference; lastKnownFileType = sourcecode.swift; path = AppDelegate.swift; sourceTree = "<group>"; };
		DE747ADA1E7B233C0076F24A /* ViewController.swift */ = {isa = PBXFileReference; lastKnownFileType = sourcecode.swift; path = ViewController.swift; sourceTree = "<group>"; };
		DE747ADD1E7B233C0076F24A /* Base */ = {isa = PBXFileReference; lastKnownFileType = file.storyboard; name = Base; path = Base.lproj/Main.storyboard; sourceTree = "<group>"; };
		DE747ADF1E7B233C0076F24A /* Assets.xcassets */ = {isa = PBXFileReference; lastKnownFileType = folder.assetcatalog; path = Assets.xcassets; sourceTree = "<group>"; };
		DE747AE21E7B233C0076F24A /* Base */ = {isa = PBXFileReference; lastKnownFileType = file.storyboard; name = Base; path = Base.lproj/LaunchScreen.storyboard; sourceTree = "<group>"; };
		DE747AE41E7B233C0076F24A /* Info.plist */ = {isa = PBXFileReference; lastKnownFileType = text.plist.xml; path = Info.plist; sourceTree = "<group>"; };
		DE747AEB1E7B23770076F24A /* Post.swift */ = {isa = PBXFileReference; fileEncoding = 4; lastKnownFileType = sourcecode.swift; path = Post.swift; sourceTree = "<group>"; };
		DE747AEE1E7B29970076F24A /* PostCell.swift */ = {isa = PBXFileReference; fileEncoding = 4; lastKnownFileType = sourcecode.swift; path = PostCell.swift; sourceTree = "<group>"; };
/* End PBXFileReference section */

/* Begin PBXFrameworksBuildPhase section */
		DE747AD21E7B233C0076F24A /* Frameworks */ = {
			isa = PBXFrameworksBuildPhase;
			buildActionMask = 2147483647;
			files = (
			);
			runOnlyForDeploymentPostprocessing = 0;
		};
/* End PBXFrameworksBuildPhase section */

/* Begin PBXGroup section */
		DE550FF31E7F487300D8DC0B /* ModelView */ = {
			isa = PBXGroup;
			children = (
				DE550FF41E7F48AD00D8DC0B /* DataService.swift */,
			);
			name = ModelView;
			sourceTree = "<group>";
		};
		DE747ACC1E7B233C0076F24A = {
			isa = PBXGroup;
			children = (
				DE747AD71E7B233C0076F24A /* MyHood */,
				DE747AD61E7B233C0076F24A /* Products */,
			);
			sourceTree = "<group>";
		};
		DE747AD61E7B233C0076F24A /* Products */ = {
			isa = PBXGroup;
			children = (
				DE747AD51E7B233C0076F24A /* MyHood.app */,
			);
			name = Products;
			sourceTree = "<group>";
		};
		DE747AD71E7B233C0076F24A /* MyHood */ = {
			isa = PBXGroup;
			children = (
				DE550FF31E7F487300D8DC0B /* ModelView */,
				DE747AF01E7B478F0076F24A /* Controller */,
				DE747AED1E7B29790076F24A /* View */,
				DE747AEA1E7B23610076F24A /* Model */,
				DE747AD81E7B233C0076F24A /* AppDelegate.swift */,
				DE747ADC1E7B233C0076F24A /* Main.storyboard */,
				DE747ADF1E7B233C0076F24A /* Assets.xcassets */,
				DE747AE11E7B233C0076F24A /* LaunchScreen.storyboard */,
				DE747AE41E7B233C0076F24A /* Info.plist */,
			);
			path = MyHood;
			sourceTree = "<group>";
		};
		DE747AEA1E7B23610076F24A /* Model */ = {
			isa = PBXGroup;
			children = (
				DE747AEB1E7B23770076F24A /* Post.swift */,
			);
			name = Model;
			sourceTree = "<group>";
		};
		DE747AED1E7B29790076F24A /* View */ = {
			isa = PBXGroup;
			children = (
				DE747AEE1E7B29970076F24A /* PostCell.swift */,
			);
			name = View;
			sourceTree = "<group>";
		};
		DE747AF01E7B478F0076F24A /* Controller */ = {
			isa = PBXGroup;
			children = (
				DE550FF71E8085D600D8DC0B /* DetailPostVC.swift */,
				DE550FF11E7F3DCA00D8DC0B /* AddPostVC.swift */,
				DE747ADA1E7B233C0076F24A /* ViewController.swift */,
			);
			name = Controller;
			sourceTree = "<group>";
		};
/* End PBXGroup section */

/* Begin PBXNativeTarget section */
		DE747AD41E7B233C0076F24A /* MyHood */ = {
			isa = PBXNativeTarget;
			buildConfigurationList = DE747AE71E7B233C0076F24A /* Build configuration list for PBXNativeTarget "MyHood" */;
			buildPhases = (
				DE747AD11E7B233C0076F24A /* Sources */,
				DE747AD21E7B233C0076F24A /* Frameworks */,
				DE747AD31E7B233C0076F24A /* Resources */,
			);
			buildRules = (
			);
			dependencies = (
			);
			name = MyHood;
			productName = MyHood;
			productReference = DE747AD51E7B233C0076F24A /* MyHood.app */;
			productType = "com.apple.product-type.application";
		};
/* End PBXNativeTarget section */

/* Begin PBXProject section */
		DE747ACD1E7B233C0076F24A /* Project object */ = {
			isa = PBXProject;
			attributes = {
				LastSwiftUpdateCheck = 0820;
				LastUpgradeCheck = 0820;
				ORGANIZATIONNAME = "Jernej Hartman";
				TargetAttributes = {
					DE747AD41E7B233C0076F24A = {
						CreatedOnToolsVersion = 8.2.1;
						DevelopmentTeam = BB9NBC38G8;
						ProvisioningStyle = Automatic;
					};
				};
			};
			buildConfigurationList = DE747AD01E7B233C0076F24A /* Build configuration list for PBXProject "MyHood" */;
			compatibilityVersion = "Xcode 3.2";
			developmentRegion = English;
			hasScannedForEncodings = 0;
			knownRegions = (
				en,
				Base,
			);
			mainGroup = DE747ACC1E7B233C0076F24A;
			productRefGroup = DE747AD61E7B233C0076F24A /* Products */;
			projectDirPath = "";
			projectRoot = "";
			targets = (
				DE747AD41E7B233C0076F24A /* MyHood */,
			);
		};
/* End PBXProject section */

/* Begin PBXResourcesBuildPhase section */
		DE747AD31E7B233C0076F24A /* Resources */ = {
			isa = PBXResourcesBuildPhase;
			buildActionMask = 2147483647;
			files = (
				DE747AE31E7B233C0076F24A /* LaunchScreen.storyboard in Resources */,
				DE747AE01E7B233C0076F24A /* Assets.xcassets in Resources */,
				DE747ADE1E7B233C0076F24A /* Main.storyboard in Resources */,
			);
			runOnlyForDeploymentPostprocessing = 0;
		};
/* End PBXResourcesBuildPhase section */

/* Begin PBXSourcesBuildPhase section */
		DE747AD11E7B233C0076F24A /* Sources */ = {
			isa = PBXSourcesBuildPhase;
			buildActionMask = 2147483647;
			files = (
				DE747AEC1E7B23770076F24A /* Post.swift in Sources */,
				DE747ADB1E7B233C0076F24A /* ViewController.swift in Sources */,
				DE747AD91E7B233C0076F24A /* AppDelegate.swift in Sources */,
				DE550FF51E7F48AD00D8DC0B /* DataService.swift in Sources */,
				DE550FF21E7F3DCA00D8DC0B /* AddPostVC.swift in Sources */,
				DE747AEF1E7B29970076F24A /* PostCell.swift in Sources */,
				DE550FF81E8085D600D8DC0B /* DetailPostVC.swift in Sources */,
			);
			runOnlyForDeploymentPostprocessing = 0;
		};
/* End PBXSourcesBuildPhase section */

/* Begin PBXVariantGroup section */
		DE747ADC1E7B233C0076F24A /* Main.storyboard */ = {
			isa = PBXVariantGroup;
			children = (
				DE747ADD1E7B233C0076F24A /* Base */,
			);
			name = Main.storyboard;
			sourceTree = "<group>";
		};
		DE747AE11E7B233C0076F24A /* LaunchScreen.storyboard */ = {
			isa = PBXVariantGroup;
			children = (
				DE747AE21E7B233C0076F24A /* Base */,
			);
			name = LaunchScreen.storyboard;
			sourceTree = "<group>";
		};
/* End PBXVariantGroup section */

/* Begin XCBuildConfiguration section */
		DE747AE51E7B233C0076F24A /* Debug */ = {
			isa = XCBuildConfiguration;
			buildSettings = {
				ALWAYS_SEARCH_USER_PATHS = NO;
				CLANG_ANALYZER_NONNULL = YES;
				CLANG_CXX_LANGUAGE_STANDARD = "gnu++0x";
				CLANG_CXX_LIBRARY = "libc++";
				CLANG_ENABLE_MODULES = YES;
				CLANG_ENABLE_OBJC_ARC = YES;
				CLANG_WARN_BOOL_CONVERSION = YES;
				CLANG_WARN_CONSTANT_CONVERSION = YES;
				CLANG_WARN_DIRECT_OBJC_ISA_USAGE = YES_ERROR;
				CLANG_WARN_DOCUMENTATION_COMMENTS = YES;
				CLANG_WARN_EMPTY_BODY = YES;
				CLANG_WARN_ENUM_CONVERSION = YES;
				CLANG_WARN_INFINITE_RECURSION = YES;
				CLANG_WARN_INT_CONVERSION = YES;
				CLANG_WARN_OBJC_ROOT_CLASS = YES_ERROR;
				CLANG_WARN_SUSPICIOUS_MOVE = YES;
				CLANG_WARN_UNREACHABLE_CODE = YES;
				CLANG_WARN__DUPLICATE_METHOD_MATCH = YES;
				"CODE_SIGN_IDENTITY[sdk=iphoneos*]" = "iPhone Developer";
				COPY_PHASE_STRIP = NO;
				DEBUG_INFORMATION_FORMAT = dwarf;
				ENABLE_STRICT_OBJC_MSGSEND = YES;
				ENABLE_TESTABILITY = YES;
				GCC_C_LANGUAGE_STANDARD = gnu99;
				GCC_DYNAMIC_NO_PIC = NO;
				GCC_NO_COMMON_BLOCKS = YES;
				GCC_OPTIMIZATION_LEVEL = 0;
				GCC_PREPROCESSOR_DEFINITIONS = (
					"DEBUG=1",
					"$(inherited)",
				);
				GCC_WARN_64_TO_32_BIT_CONVERSION = YES;
				GCC_WARN_ABOUT_RETURN_TYPE = YES_ERROR;
				GCC_WARN_UNDECLARED_SELECTOR = YES;
				GCC_WARN_UNINITIALIZED_AUTOS = YES_AGGRESSIVE;
				GCC_WARN_UNUSED_FUNCTION = YES;
				GCC_WARN_UNUSED_VARIABLE = YES;
				IPHONEOS_DEPLOYMENT_TARGET = 10.2;
				MTL_ENABLE_DEBUG_INFO = YES;
				ONLY_ACTIVE_ARCH = YES;
				SDKROOT = iphoneos;
				SWIFT_ACTIVE_COMPILATION_CONDITIONS = DEBUG;
				SWIFT_OPTIMIZATION_LEVEL = "-Onone";
			};
			name = Debug;
		};
		DE747AE61E7B233C0076F24A /* Release */ = {
			isa = XCBuildConfiguration;
			buildSettings = {
				ALWAYS_SEARCH_USER_PATHS = NO;
				CLANG_ANALYZER_NONNULL = YES;
				CLANG_CXX_LANGUAGE_STANDARD = "gnu++0x";
				CLANG_CXX_LIBRARY = "libc++";
				CLANG_ENABLE_MODULES = YES;
				CLANG_ENABLE_OBJC_ARC = YES;
				CLANG_WARN_BOOL_CONVERSION = YES;
				CLANG_WARN_CONSTANT_CONVERSION = YES;
				CLANG_WARN_DIRECT_OBJC_ISA_USAGE = YES_ERROR;
				CLANG_WARN_DOCUMENTATION_COMMENTS = YES;
				CLANG_WARN_EMPTY_BODY = YES;
				CLANG_WARN_ENUM_CONVERSION = YES;
				CLANG_WARN_INFINITE_RECURSION = YES;
				CLANG_WARN_INT_CONVERSION = YES;
				CLANG_WARN_OBJC_ROOT_CLASS = YES_ERROR;
				CLANG_WARN_SUSPICIOUS_MOVE = YES;
				CLANG_WARN_UNREACHABLE_CODE = YES;
				CLANG_WARN__DUPLICATE_METHOD_MATCH = YES;
				"CODE_SIGN_IDENTITY[sdk=iphoneos*]" = "iPhone Developer";
				COPY_PHASE_STRIP = NO;
				DEBUG_INFORMATION_FORMAT = "dwarf-with-dsym";
				ENABLE_NS_ASSERTIONS = NO;
				ENABLE_STRICT_OBJC_MSGSEND = YES;
				GCC_C_LANGUAGE_STANDARD = gnu99;
				GCC_NO_COMMON_BLOCKS = YES;
				GCC_WARN_64_TO_32_BIT_CONVERSION = YES;
				GCC_WARN_ABOUT_RETURN_TYPE = YES_ERROR;
				GCC_WARN_UNDECLARED_SELECTOR = YES;
				GCC_WARN_UNINITIALIZED_AUTOS = YES_AGGRESSIVE;
				GCC_WARN_UNUSED_FUNCTION = YES;
				GCC_WARN_UNUSED_VARIABLE = YES;
				IPHONEOS_DEPLOYMENT_TARGET = 10.2;
				MTL_ENABLE_DEBUG_INFO = NO;
				SDKROOT = iphoneos;
				SWIFT_OPTIMIZATION_LEVEL = "-Owholemodule";
				VALIDATE_PRODUCT = YES;
			};
			name = Release;
		};
		DE747AE81E7B233C0076F24A /* Debug */ = {
			isa = XCBuildConfiguration;
			buildSettings = {
				ASSETCATALOG_COMPILER_APPICON_NAME = AppIcon;
				DEVELOPMENT_TEAM = BB9NBC38G8;
				INFOPLIST_FILE = MyHood/Info.plist;
				LD_RUNPATH_SEARCH_PATHS = "$(inherited) @executable_path/Frameworks";
				PRODUCT_BUNDLE_IDENTIFIER = hommer.MyHood;
				PRODUCT_NAME = "$(TARGET_NAME)";
				SWIFT_VERSION = 3.0;
			};
			name = Debug;
		};
		DE747AE91E7B233C0076F24A /* Release */ = {
			isa = XCBuildConfiguration;
			buildSettings = {
				ASSETCATALOG_COMPILER_APPICON_NAME = AppIcon;
				DEVELOPMENT_TEAM = BB9NBC38G8;
				INFOPLIST_FILE = MyHood/Info.plist;
				LD_RUNPATH_SEARCH_PATHS = "$(inherited) @executable_path/Frameworks";
				PRODUCT_BUNDLE_IDENTIFIER = hommer.MyHood;
				PRODUCT_NAME = "$(TARGET_NAME)";
				SWIFT_VERSION = 3.0;
			};
			name = Release;
		};
/* End XCBuildConfiguration section */

/* Begin XCConfigurationList section */
		DE747AD01E7B233C0076F24A /* Build configuration list for PBXProject "MyHood" */ = {
			isa = XCConfigurationList;
			buildConfigurations = (
				DE747AE51E7B233C0076F24A /* Debug */,
				DE747AE61E7B233C0076F24A /* Release */,
			);
			defaultConfigurationIsVisible = 0;
			defaultConfigurationName = Release;
		};
		DE747AE71E7B233C0076F24A /* Build configuration list for PBXNativeTarget "MyHood" */ = {
			isa = XCConfigurationList;
			buildConfigurations = (
				DE747AE81E7B233C0076F24A /* Debug */,
				DE747AE91E7B233C0076F24A /* Release */,
			);
			defaultConfigurationIsVisible = 0;
			defaultConfigurationName = Release;
		};
/* End XCConfigurationList section */
	};
	rootObject = DE747ACD1E7B233C0076F24A /* Project object */;
}
